# This file is generated by running "yarn install" inside your project.
# Manual changes might be lost - proceed with caution!

__metadata:
  version: 8
  cacheKey: 10c0

"@actions/core@npm:3.0.0":
  version: 3.0.0
  resolution: "@actions/core@npm:3.0.0"
  dependencies:
    "@actions/exec": "npm:^3.0.0"
    "@actions/http-client": "npm:^4.0.0"
  checksum: 10c0/ef204ca270011308c3cdbf7da702c0b8220775ea28aec52ddba696443f11afad6e725f5534110f2ef014382ab807b695bb4dcbf307683a0fc6927b3817871f6c
  languageName: node
  linkType: hard

"@actions/exec@npm:3.0.0, @actions/exec@npm:^3.0.0":
  version: 3.0.0
  resolution: "@actions/exec@npm:3.0.0"
  dependencies:
    "@actions/io": "npm:^3.0.2"
  checksum: 10c0/5e4357cd8538ae8d94ffef653559202e7d18db18c5ecccd2c943b4aab989df9cf4e466fcc3c4405887a3c30b88e87b89fb7c7f5b179622d1192525ec891f0274
  languageName: node
  linkType: hard

"@actions/http-client@npm:^4.0.0":
  version: 4.0.0
  resolution: "@actions/http-client@npm:4.0.0"
  dependencies:
    tunnel: "npm:^0.0.6"
    undici: "npm:^6.23.0"
  checksum: 10c0/83a2bcfa50b584584e9ec9f6bcc3872aa0b325214e06dc828b17a853e25c23fec77f3262403fd14a1e4365be5d2e266638f945a5459e3a39425e7c2f1789b31e
  languageName: node
  linkType: hard

"@actions/io@npm:^3.0.2":
  version: 3.0.2
  resolution: "@actions/io@npm:3.0.2"
  checksum: 10c0/25fae323886544f965e90ab9655e3fb60816eb379c78418c4b06a5dc9da27810eb5b0bd0629146dbd5482a03e3c60a5b8713223e4f789abede23df643ddcae8c
  languageName: node
  linkType: hard

"@esbuild/aix-ppc64@npm:0.27.4":
  version: 0.27.4
  resolution: "@esbuild/aix-ppc64@npm:0.27.4"
  conditions: os=aix & cpu=ppc64
  languageName: node
  linkType: hard

"@esbuild/android-arm64@npm:0.27.4":
  version: 0.27.4
  resolution: "@esbuild/android-arm64@npm:0.27.4"
  conditions: os=android & cpu=arm64
  languageName: node
  linkType: hard

"@esbuild/android-arm@npm:0.27.4":
  version: 0.27.4
  resolution: "@esbuild/android-arm@npm:0.27.4"
  conditions: os=android & cpu=arm
  languageName: node
  linkType: hard

"@esbuild/android-x64@npm:0.27.4":
  version: 0.27.4
  resolution: "@esbuild/android-x64@npm:0.27.4"
  conditions: os=android & cpu=x64
  languageName: node
  linkType: hard

"@esbuild/darwin-arm64@npm:0.27.4":
  version: 0.27.4
  resolution: "@esbuild/darwin-arm64@npm:0.27.4"
  conditions: os=darwin & cpu=arm64
  languageName: node
  linkType: hard

"@esbuild/darwin-x64@npm:0.27.4":
  version: 0.27.4
  resolution: "@esbuild/darwin-x64@npm:0.27.4"
  conditions: os=darwin & cpu=x64
  languageName: node
  linkType: hard

"@esbuild/freebsd-arm64@npm:0.27.4":
  version: 0.27.4
  resolution: "@esbuild/freebsd-arm64@npm:0.27.4"
  conditions: os=freebsd & cpu=arm64
  languageName: node
  linkType: hard

"@esbuild/freebsd-x64@npm:0.27.4":
  version: 0.27.4
  resolution: "@esbuild/freebsd-x64@npm:0.27.4"
  conditions: os=freebsd & cpu=x64
  languageName: node
  linkType: hard

"@esbuild/linux-arm64@npm:0.27.4":
  version: 0.27.4
  resolution: "@esbuild/linux-arm64@npm:0.27.4"
  conditions: os=linux & cpu=arm64
  languageName: node
  linkType: hard

"@esbuild/linux-arm@npm:0.27.4":
  version: 0.27.4
  resolution: "@esbuild/linux-arm@npm:0.27.4"
  conditions: os=linux & cpu=arm
  languageName: node
  linkType: hard

"@esbuild/linux-ia32@npm:0.27.4":
  version: 0.27.4
  resolution: "@esbuild/linux-ia32@npm:0.27.4"
  conditions: os=linux & cpu=ia32
  languageName: node
  linkType: hard

"@esbuild/linux-loong64@npm:0.27.4":
  version: 0.27.4
  resolution: "@esbuild/linux-loong64@npm:0.27.4"
  conditions: os=linux & cpu=loong64
  languageName: node
  linkType: hard

"@esbuild/linux-mips64el@npm:0.27.4":
  version: 0.27.4
  resolution: "@esbuild/linux-mips64el@npm:0.27.4"
  conditions: os=linux & cpu=mips64el
  languageName: node
  linkType: hard

"@esbuild/linux-ppc64@npm:0.27.4":
  version: 0.27.4
  resolution: "@esbuild/linux-ppc64@npm:0.27.4"
  conditions: os=linux & cpu=ppc64
  languageName: node
  linkType: hard

"@esbuild/linux-riscv64@npm:0.27.4":
  version: 0.27.4
  resolution: "@esbuild/linux-riscv64@npm:0.27.4"
  conditions: os=linux & cpu=riscv64
  languageName: node
  linkType: hard

"@esbuild/linux-s390x@npm:0.27.4":
  version: 0.27.4
  resolution: "@esbuild/linux-s390x@npm:0.27.4"
  conditions: os=linux & cpu=s390x
  languageName: node
  linkType: hard

"@esbuild/linux-x64@npm:0.27.4":
  version: 0.27.4
  resolution: "@esbuild/linux-x64@npm:0.27.4"
  conditions: os=linux & cpu=x64
  languageName: node
  linkType: hard

"@esbuild/netbsd-arm64@npm:0.27.4":
  version: 0.27.4
  resolution: "@esbuild/netbsd-arm64@npm:0.27.4"
  conditions: os=netbsd & cpu=arm64
  languageName: node
  linkType: hard

"@esbuild/netbsd-x64@npm:0.27.4":
  version: 0.27.4
  resolution: "@esbuild/netbsd-x64@npm:0.27.4"
  conditions: os=netbsd & cpu=x64
  languageName: node
  linkType: hard

"@esbuild/openbsd-arm64@npm:0.27.4":
  version: 0.27.4
  resolution: "@esbuild/openbsd-arm64@npm:0.27.4"
  conditions: os=openbsd & cpu=arm64
  languageName: node
  linkType: hard

"@esbuild/openbsd-x64@npm:0.27.4":
  version: 0.27.4
  resolution: "@esbuild/openbsd-x64@npm:0.27.4"
  conditions: os=openbsd & cpu=x64
  languageName: node
  linkType: hard

"@esbuild/openharmony-arm64@npm:0.27.4":
  version: 0.27.4
  resolution: "@esbuild/openharmony-arm64@npm:0.27.4"
  conditions: os=openharmony & cpu=arm64
  languageName: node
  linkType: hard

"@esbuild/sunos-x64@npm:0.27.4":
  version: 0.27.4
  resolution: "@esbuild/sunos-x64@npm:0.27.4"
  conditions: os=sunos & cpu=x64
  languageName: node
  linkType: hard

"@esbuild/win32-arm64@npm:0.27.4":
  version: 0.27.4
  resolution: "@esbuild/win32-arm64@npm:0.27.4"
  conditions: os=win32 & cpu=arm64
  languageName: node
  linkType: hard

"@esbuild/win32-ia32@npm:0.27.4":
  version: 0.27.4
  resolution: "@esbuild/win32-ia32@npm:0.27.4"
  conditions: os=win32 & cpu=ia32
  languageName: node
  linkType: hard

"@esbuild/win32-x64@npm:0.27.4":
  version: 0.27.4
  resolution: "@esbuild/win32-x64@npm:0.27.4"
  conditions: os=win32 & cpu=x64
  languageName: node
  linkType: hard

"@foxglove/cloudflare-action@workspace:.":
  version: 0.0.0-use.local
  resolution: "@foxglove/cloudflare-action@workspace:."
  dependencies:
    "@actions/core": "npm:3.0.0"
    "@actions/exec": "npm:3.0.0"
    "@foxglove/tsconfig": "npm:3.2.0"
    "@octokit/rest": "npm:22.0.1"
    "@types/node": "npm:25.5.0"
    esbuild: "npm:0.27.4"
    prettier: "npm:^3.8.1"
    typescript: "npm:5.9.3"
  languageName: unknown
  linkType: soft

"@foxglove/tsconfig@npm:3.2.0":
  version: 3.2.0
  resolution: "@foxglove/tsconfig@npm:3.2.0"
  checksum: 10c0/7df6e49fe8c2e0b891554370dbbfc1d4bf394939e7414cee35f5a68282239240878c4f6fbaaf7b65cc86834bc5420879505b631585f6737214e1a14109ed562e
  languageName: node
  linkType: hard

"@octokit/auth-token@npm:^6.0.0":
  version: 6.0.0
  resolution: "@octokit/auth-token@npm:6.0.0"
  checksum: 10c0/32ecc904c5f6f4e5d090bfcc679d70318690c0a0b5040cd9a25811ad9dcd44c33f2cf96b6dbee1cd56cf58fde28fb1819c01b58718aa5c971f79c822357cb5c0
  languageName: node
  linkType: hard

"@octokit/core@npm:^7.0.6":
  version: 7.0.6
  resolution: "@octokit/core@npm:7.0.6"
  dependencies:
    "@octokit/auth-token": "npm:^6.0.0"
    "@octokit/graphql": "npm:^9.0.3"
    "@octokit/request": "npm:^10.0.6"
    "@octokit/request-error": "npm:^7.0.2"
    "@octokit/types": "npm:^16.0.0"
    before-after-hook: "npm:^4.0.0"
    universal-user-agent: "npm:^7.0.0"
  checksum: 10c0/95a328ff7c7223d9eb4aa778c63171828514ae0e0f588d33beb81a4dc03bbeae055382f6060ce23c979ab46272409942ff2cf3172109999e48429c47055b1fbe
  languageName: node
  linkType: hard

"@octokit/endpoint@npm:^11.0.3":
  version: 11.0.3
  resolution: "@octokit/endpoint@npm:11.0.3"
  dependencies:
    "@octokit/types": "npm:^16.0.0"
    universal-user-agent: "npm:^7.0.2"
  checksum: 10c0/3f9b67e6923ece5009aebb0dcbae5837fb574bc422561424049a43ead7fea6f132234edb72239d6ec067cf734937a608e4081af81c109de2cb754528f0d00520
  languageName: node
  linkType: hard

"@octokit/graphql@npm:^9.0.3":
  version: 9.0.3
  resolution: "@octokit/graphql@npm:9.0.3"
  dependencies:
    "@octokit/request": "npm:^10.0.6"
    "@octokit/types": "npm:^16.0.0"
    universal-user-agent: "npm:^7.0.0"
  checksum: 10c0/58588d3fb2834f64244fa5376ca7922a30117b001b621e141fab0d52806370803ab0c046ac99b120fa5f45b770f52a815157fb6ffc147fc6c1da4047c1f1af49
  languageName: node
  linkType: hard

"@octokit/openapi-types@npm:^27.0.0":
  version: 27.0.0
  resolution: "@octokit/openapi-types@npm:27.0.0"
  checksum: 10c0/602d1de033da180a2e982cdbd3646bd5b2e16ecf36b9955a0f23e37ae9e6cb086abb48ff2ae6f2de000fce03e8ae9051794611ae4a95a8f5f6fb63276e7b8e31
  languageName: node
  linkType: hard

"@octokit/plugin-paginate-rest@npm:^14.0.0":
  version: 14.0.0
  resolution: "@octokit/plugin-paginate-rest@npm:14.0.0"
  dependencies:
    "@octokit/types": "npm:^16.0.0"
  peerDependencies:
    "@octokit/core": ">=6"
  checksum: 10c0/841d79d4ccfe18fc809a4a67529b75c1dcdda13399bf4bf5b48ce7559c8b4b2cd422e3204bad4cbdea31c0cf0943521067415268e5bcfc615a3b813e058cad6b
  languageName: node
  linkType: hard

"@octokit/plugin-request-log@npm:^6.0.0":
  version: 6.0.0
  resolution: "@octokit/plugin-request-log@npm:6.0.0"
  peerDependencies:
    "@octokit/core": ">=6"
  checksum: 10c0/40e46ad0c77235742d0bf698ab4e17df1ae06e0d7824ffc5867ed71e27de860875adb73d89629b823fe8647459a8f262c26ed1aa6ee374873fa94095f37df0bb
  languageName: node
  linkType: hard

"@octokit/plugin-rest-endpoint-methods@npm:^17.0.0":
  version: 17.0.0
  resolution: "@octokit/plugin-rest-endpoint-methods@npm:17.0.0"
  dependencies:
    "@octokit/types": "npm:^16.0.0"
  peerDependencies:
    "@octokit/core": ">=6"
  checksum: 10c0/cf9984d7cf6a36ff7ff1b86078ae45fe246e3df10fcef0bccf20c8cfd27bf5e7d98dcb9cf5a7b56332b9c6fa30be28d159c2987d272a4758f77056903d94402f
  languageName: node
  linkType: hard

"@octokit/request-error@npm:^7.0.2":
  version: 7.1.0
  resolution: "@octokit/request-error@npm:7.1.0"
  dependencies:
    "@octokit/types": "npm:^16.0.0"
  checksum: 10c0/62b90a54545c36a30b5ffdda42e302c751be184d85b68ffc7f1242c51d7ca54dbd185b7d0027b491991776923a910c85c9c51269fe0d86111bac187507a5abc4
  languageName: node
  linkType: hard

"@octokit/request@npm:^10.0.6":
  version: 10.0.8
  resolution: "@octokit/request@npm:10.0.8"
  dependencies:
    "@octokit/endpoint": "npm:^11.0.3"
    "@octokit/request-error": "npm:^7.0.2"
    "@octokit/types": "npm:^16.0.0"
    fast-content-type-parse: "npm:^3.0.0"
    json-with-bigint: "npm:^3.5.3"
    universal-user-agent: "npm:^7.0.2"
  checksum: 10c0/7ee384dbeb489d4e00856eeaaf6a70060c61b036919c539809c3288e2ba14b8f3f63a5b16b8d5b7fdc93d7b6fa5c45bc3d181a712031279f6e192f019e52d7fe
  languageName: node
  linkType: hard

"@octokit/rest@npm:22.0.1":
  version: 22.0.1
  resolution: "@octokit/rest@npm:22.0.1"
  dependencies:
    "@octokit/core": "npm:^7.0.6"
    "@octokit/plugin-paginate-rest": "npm:^14.0.0"
    "@octokit/plugin-request-log": "npm:^6.0.0"
    "@octokit/plugin-rest-endpoint-methods": "npm:^17.0.0"
  checksum: 10c0/f3abd84e887cc837973214ce70720a9bba53f5575f40601c6122aa25206e9055d859c0388437f0a137f6cd0e4ff405e1b46b903475b0db32a17bada0c6513d5b
  languageName: node
  linkType: hard

"@octokit/types@npm:^16.0.0":
  version: 16.0.0
  resolution: "@octokit/types@npm:16.0.0"
  dependencies:
    "@octokit/openapi-types": "npm:^27.0.0"
  checksum: 10c0/b8d41098ba6fc194d13d641f9441347e3a3b96c0efabac0e14f57319340a2d4d1c8676e4cb37ab3062c5c323c617e790b0126916e9bf7b201b0cced0826f8ae2
  languageName: node
  linkType: hard

"@types/node@npm:25.5.0":
  version: 25.5.0
  resolution: "@types/node@npm:25.5.0"
  dependencies:
    undici-types: "npm:~7.18.0"
  checksum: 10c0/70c508165b6758c4f88d4f91abca526c3985eee1985503d4c2bd994dbaf588e52ac57e571160f18f117d76e963570ac82bd20e743c18987e82564312b3b62119
  languageName: node
  linkType: hard

"before-after-hook@npm:^4.0.0":
  version: 4.0.0
  resolution: "before-after-hook@npm:4.0.0"
  checksum: 10c0/9f8ae8d1b06142bcfb9ef6625226b5e50348bb11210f266660eddcf9734e0db6f9afc4cb48397ee3f5ac0a3728f3ae401cdeea88413f7bed748a71db84657be2
  languageName: node
  linkType: hard

"esbuild@npm:0.27.4":
  version: 0.27.4
  resolution: "esbuild@npm:0.27.4"
  dependencies:
    "@esbuild/aix-ppc64": "npm:0.27.4"
    "@esbuild/android-arm": "npm:0.27.4"
    "@esbuild/android-arm64": "npm:0.27.4"
    "@esbuild/android-x64": "npm:0.27.4"
    "@esbuild/darwin-arm64": "npm:0.27.4"
    "@esbuild/darwin-x64": "npm:0.27.4"
    "@esbuild/freebsd-arm64": "npm:0.27.4"
    "@esbuild/freebsd-x64": "npm:0.27.4"
    "@esbuild/linux-arm": "npm:0.27.4"
    "@esbuild/linux-arm64": "npm:0.27.4"
    "@esbuild/linux-ia32": "npm:0.27.4"
    "@esbuild/linux-loong64": "npm:0.27.4"
    "@esbuild/linux-mips64el": "npm:0.27.4"
    "@esbuild/linux-ppc64": "npm:0.27.4"
    "@esbuild/linux-riscv64": "npm:0.27.4"
    "@esbuild/linux-s390x": "npm:0.27.4"
    "@esbuild/linux-x64": "npm:0.27.4"
    "@esbuild/netbsd-arm64": "npm:0.27.4"
    "@esbuild/netbsd-x64": "npm:0.27.4"
    "@esbuild/openbsd-arm64": "npm:0.27.4"
    "@esbuild/openbsd-x64": "npm:0.27.4"
    "@esbuild/openharmony-arm64": "npm:0.27.4"
    "@esbuild/sunos-x64": "npm:0.27.4"
    "@esbuild/win32-arm64": "npm:0.27.4"
    "@esbuild/win32-ia32": "npm:0.27.4"
    "@esbuild/win32-x64": "npm:0.27.4"
  dependenciesMeta:
    "@esbuild/aix-ppc64":
      optional: true
    "@esbuild/android-arm":
      optional: true
    "@esbuild/android-arm64":
      optional: true
    "@esbuild/android-x64":
      optional: true
    "@esbuild/darwin-arm64":
      optional: true
    "@esbuild/darwin-x64":
      optional: true
    "@esbuild/freebsd-arm64":
      optional: true
    "@esbuild/freebsd-x64":
      optional: true
    "@esbuild/linux-arm":
      optional: true
    "@esbuild/linux-arm64":
      optional: true
    "@esbuild/linux-ia32":
      optional: true
    "@esbuild/linux-loong64":
      optional: true
    "@esbuild/linux-mips64el":
      optional: true
    "@esbuild/linux-ppc64":
      optional: true
    "@esbuild/linux-riscv64":
      optional: true
    "@esbuild/linux-s390x":
      optional: true
    "@esbuild/linux-x64":
      optional: true
    "@esbuild/netbsd-arm64":
      optional: true
    "@esbuild/netbsd-x64":
      optional: true
    "@esbuild/openbsd-arm64":
      optional: true
    "@esbuild/openbsd-x64":
      optional: true
    "@esbuild/openharmony-arm64":
      optional: true
    "@esbuild/sunos-x64":
      optional: true
    "@esbuild/win32-arm64":
      optional: true
    "@esbuild/win32-ia32":
      optional: true
    "@esbuild/win32-x64":
      optional: true
  bin:
    esbuild: bin/esbuild
  checksum: 10c0/2a1c2bcccda279f2afd72a7f8259860cb4483b32453d17878e1ecb4ac416b9e7c1001e7aa0a25ba4c29c1e250a3ceaae5d8bb72a119815bc8db4e9b5f5321490
  languageName: node
  linkType: hard

"fast-content-type-parse@npm:^3.0.0":
  version: 3.0.0
  resolution: "fast-content-type-parse@npm:3.0.0"
  checksum: 10c0/06251880c83b7118af3a5e66e8bcee60d44f48b39396fc60acc2b4630bd5f3e77552b999b5c8e943d45a818854360e5e97164c374ec4b562b4df96a2cdf2e188
  languageName: node
  linkType: hard

"json-with-bigint@npm:^3.5.3":
  version: 3.5.7
  resolution: "json-with-bigint@npm:3.5.7"
  checksum: 10c0/69f27b712ac113aec2cac0933d81f37a3d6f5f0947543805cf5c6699c19ed14a79515d9aa2f78fde54ffdd7d9105790443408322f23add2a69096e741e176876
  languageName: node
  linkType: hard

"prettier@npm:^3.8.1":
  version: 3.8.1
  resolution: "prettier@npm:3.8.1"
  bin:
    prettier: bin/prettier.cjs
  checksum: 10c0/33169b594009e48f570471271be7eac7cdcf88a209eed39ac3b8d6d78984039bfa9132f82b7e6ba3b06711f3bfe0222a62a1bfb87c43f50c25a83df1b78a2c42
  languageName: node
  linkType: hard

"tunnel@npm:^0.0.6":
  version: 0.0.6
  resolution: "tunnel@npm:0.0.6"
  checksum: 10c0/e27e7e896f2426c1c747325b5f54efebc1a004647d853fad892b46d64e37591ccd0b97439470795e5262b5c0748d22beb4489a04a0a448029636670bfd801b75
  languageName: node
  linkType: hard

"typescript@npm:5.9.3":
  version: 5.9.3
  resolution: "typescript@npm:5.9.3"
  bin:
    tsc: bin/tsc
    tsserver: bin/tsserver
  checksum: 10c0/6bd7552ce39f97e711db5aa048f6f9995b53f1c52f7d8667c1abdc1700c68a76a308f579cd309ce6b53646deb4e9a1be7c813a93baaf0a28ccd536a30270e1c5
  languageName: node
  linkType: hard

"typescript@patch:typescript@npm%3A5.9.3#optional!builtin<compat/typescript>":
  version: 5.9.3
  resolution: "typescript@patch:typescript@npm%3A5.9.3#optional!builtin<compat/typescript>::version=5.9.3&hash=5786d5"
  bin:
    tsc: bin/tsc
    tsserver: bin/tsserver
  checksum: 10c0/ad09fdf7a756814dce65bc60c1657b40d44451346858eea230e10f2e95a289d9183b6e32e5c11e95acc0ccc214b4f36289dcad4bf1886b0adb84d711d336a430
  languageName: node
  linkType: hard

"undici-types@npm:~7.18.0":
  version: 7.18.2
  resolution: "undici-types@npm:7.18.2"
  checksum: 10c0/85a79189113a238959d7a647368e4f7c5559c3a404ebdb8fc4488145ce9426fcd82252a844a302798dfc0e37e6fb178ff481ed03bc4caf634c5757d9ef43521d
  languageName: node
  linkType: hard

"undici@npm:^6.23.0":
  version: 6.24.1
  resolution: "undici@npm:6.24.1"
  checksum: 10c0/53fdbaa357139a2c12deed34f67d67fc6ad269630ba85a1507e7717f53ad2d3a02c95fbd17d3ab321e34c60b6f0a716cdc2f7e2eca1e07178702dc89cc3a73c4
  languageName: node
  linkType: hard

"universal-user-agent@npm:^7.0.0, universal-user-agent@npm:^7.0.2":
  version: 7.0.3
  resolution: "universal-user-agent@npm:7.0.3"
  checksum: 10c0/6043be466a9bb96c0ce82392842d9fddf4c37e296f7bacc2cb25f47123990eb436c82df824644f9c5070a94dbdb117be17f66d54599ab143648ec57ef93dbcc8
  languageName: node
  linkType: hard
